
Microsoft Visual Studio Solution File, Format Version 12.00
# Visual Studio 15
VisualStudioVersion = 15.0.26403.7
MinimumVisualStudioVersion = 10.0.40219.1
Project("{FAE04EC0-301F-11D3-BF4B-00C04F79EFBC}") = "Popcorn", "Popcorn\Popcorn.csproj", "{5BFADF51-CE11-45CF-8E36-DC9DC061C274}"
EndProject
Project("{FAE04EC0-301F-11D3-BF4B-00C04F79EFBC}") = "Popcorn.Tests", "Popcorn.Tests\Popcorn.Tests.csproj", "{A482F82D-8500-42C8-B433-2E21AF9B89F3}"
EndProject
Project("{FAE04EC0-301F-11D3-BF4B-00C04F79EFBC}") = "Popcorn.ImageLoader", "Popcorn.ImageLoader\Popcorn.ImageLoader.csproj", "{7C68C43B-0E5C-4B9F-9F49-045CAA39D8B3}"
EndProject
Project("{FAE04EC0-301F-11D3-BF4B-00C04F79EFBC}") = "Popcorn.GifLoader", "Popcorn.GifLoader\Popcorn.GifLoader.csproj", "{D129789C-3096-4D0B-8DD7-FE24A4DF4B21}"
EndProject
Project("{FAE04EC0-301F-11D3-BF4B-00C04F79EFBC}") = "Popcorn.Utils", "Popcorn.Utils\Popcorn.Utils.csproj", "{094A69CE-C69E-4EF0-9321-BA16F7A89080}"
EndProject
Project("{FAE04EC0-301F-11D3-BF4B-00C04F79EFBC}") = "Tor", "Tor\Tor.csproj", "{8EECD857-F347-4102-97D3-62A88F4FA23C}"
EndProject
Global
	GlobalSection(SolutionConfigurationPlatforms) = preSolution
		Debug|Any CPU = Debug|Any CPU
		Release|Any CPU = Release|Any CPU
	EndGlobalSection
	GlobalSection(ProjectConfigurationPlatforms) = postSolution
		{5BFADF51-CE11-45CF-8E36-DC9DC061C274}.Debug|Any CPU.ActiveCfg = Debug|Any CPU
		{5BFADF51-CE11-45CF-8E36-DC9DC061C274}.Debug|Any CPU.Build.0 = Debug|Any CPU
		{5BFADF51-CE11-45CF-8E36-DC9DC061C274}.Release|Any CPU.ActiveCfg = Release|Any CPU
		{5BFADF51-CE11-45CF-8E36-DC9DC061C274}.Release|Any CPU.Build.0 = Release|Any CPU
		{A482F82D-8500-42C8-B433-2E21AF9B89F3}.Debug|Any CPU.ActiveCfg = Debug|Any CPU
		{A482F82D-8500-42C8-B433-2E21AF9B89F3}.Debug|Any CPU.Build.0 = Debug|Any CPU
		{A482F82D-8500-42C8-B433-2E21AF9B89F3}.Release|Any CPU.ActiveCfg = Release|Any CPU
		{A482F82D-8500-42C8-B433-2E21AF9B89F3}.Release|Any CPU.Build.0 = Release|Any CPU
		{7C68C43B-0E5C-4B9F-9F49-045CAA39D8B3}.Debug|Any CPU.ActiveCfg = Debug|Any CPU
		{7C68C43B-0E5C-4B9F-9F49-045CAA39D8B3}.Debug|Any CPU.Build.0 = Debug|Any CPU
		{7C68C43B-0E5C-4B9F-9F49-045CAA39D8B3}.Release|Any CPU.ActiveCfg = Release|Any CPU
		{7C68C43B-0E5C-4B9F-9F49-045CAA39D8B3}.Release|Any CPU.Build.0 = Release|Any CPU
		{D129789C-3096-4D0B-8DD7-FE24A4DF4B21}.Debug|Any CPU.ActiveCfg = Debug|Any CPU
		{D129789C-3096-4D0B-8DD7-FE24A4DF4B21}.Debug|Any CPU.Build.0 = Debug|Any CPU
		{D129789C-3096-4D0B-8DD7-FE24A4DF4B21}.Release|Any CPU.ActiveCfg = Release|Any CPU
		{D129789C-3096-4D0B-8DD7-FE24A4DF4B21}.Release|Any CPU.Build.0 = Release|Any CPU
		{094A69CE-C69E-4EF0-9321-BA16F7A89080}.Debug|Any CPU.ActiveCfg = Debug|Any CPU
		{094A69CE-C69E-4EF0-9321-BA16F7A89080}.Debug|Any CPU.Build.0 = Debug|Any CPU
		{094A69CE-C69E-4EF0-9321-BA16F7A89080}.Release|Any CPU.ActiveCfg = Release|Any CPU
		{094A69CE-C69E-4EF0-9321-BA16F7A89080}.Release|Any CPU.Build.0 = Release|Any CPU
		{8EECD857-F347-4102-97D3-62A88F4FA23C}.Debug|Any CPU.ActiveCfg = Debug|Any CPU
		{8EECD857-F347-4102-97D3-62A88F4FA23C}.Debug|Any CPU.Build.0 = Debug|Any CPU
		{8EECD857-F347-4102-97D3-62A88F4FA23C}.Release|Any CPU.ActiveCfg = Release|Any CPU
		{8EECD857-F347-4102-97D3-62A88F4FA23C}.Release|Any CPU.Build.0 = Release|Any CPU
	EndGlobalSection
	GlobalSection(SolutionProperties) = preSolution
		HideSolutionNode = FALSE
	EndGlobalSection
EndGlobal
